
Microsoft Visual Studio Solution File, Format Version 12.00
Project("{FAE04EC0-301F-11D3-BF4B-00C04F79EFBC}") = "DepartmentsPassby", "DepartmentsPassby\DepartmentsPassby.csproj", "{2BB1F545-0912-4F92-AB93-C95EB4A8F0F3}"
EndProject
Project("{FAE04EC0-301F-11D3-BF4B-00C04F79EFBC}") = "DepartmentsPassbyClient", "..\DepartmentsPassbyClient\DepartmentsPassbyClient\DepartmentsPassbyClient.csproj", "{DB34199F-DF25-4AB5-9E8C-C672378E3E2E}"
EndProject
Global
	GlobalSection(SolutionConfigurationPlatforms) = preSolution
		Debug|Any CPU = Debug|Any CPU
		Release|Any CPU = Release|Any CPU
	EndGlobalSection
	GlobalSection(ProjectConfigurationPlatforms) = postSolution
		{2BB1F545-0912-4F92-AB93-C95EB4A8F0F3}.Debug|Any CPU.ActiveCfg = Debug|Any CPU
		{2BB1F545-0912-4F92-AB93-C95EB4A8F0F3}.Debug|Any CPU.Build.0 = Debug|Any CPU
		{2BB1F545-0912-4F92-AB93-C95EB4A8F0F3}.Release|Any CPU.ActiveCfg = Release|Any CPU
		{2BB1F545-0912-4F92-AB93-C95EB4A8F0F3}.Release|Any CPU.Build.0 = Release|Any CPU
		{DB34199F-DF25-4AB5-9E8C-C672378E3E2E}.Debug|Any CPU.ActiveCfg = Debug|Any CPU
		{DB34199F-DF25-4AB5-9E8C-C672378E3E2E}.Debug|Any CPU.Build.0 = Debug|Any CPU
		{DB34199F-DF25-4AB5-9E8C-C672378E3E2E}.Release|Any CPU.ActiveCfg = Release|Any CPU
		{DB34199F-DF25-4AB5-9E8C-C672378E3E2E}.Release|Any CPU.Build.0 = Release|Any CPU
	EndGlobalSection
EndGlobal
